PODS:
  - Differentiator (3.1.0)
  - Realm (3.13.1):
    - Realm/Headers (= 3.13.1)
  - Realm/Headers (3.13.1)
  - RealmSwift (3.13.1):
    - Realm (= 3.13.1)
  - RxCocoa (4.3.1):
    - RxSwift (~> 4.0)
  - RxDataSources (3.1.0):
    - Differentiator (~> 3.0)
    - RxCocoa (~> 4.0)
    - RxSwift (~> 4.0)
  - RxSwift (4.3.1)
  - TextFieldEffects (1.5.1)

DEPENDENCIES:
  - RealmSwift (= 3.13.1)
  - RxCocoa (= 4.3.1)
  - RxDataSources (= 3.1)
  - RxSwift (= 4.3.1)
  - TextFieldEffects

SPEC REPOS:
  https://github.com/cocoapods/specs.git:
    - Differentiator
    - Realm
    - RealmSwift
    - RxCocoa
    - RxDataSources
    - RxSwift
    - TextFieldEffects

SPEC CHECKSUMS:
  Differentiator: be49ca3408f0ecfc761e4c7763d20c62be01b9ad
  Realm: 50071da38fe079e0735e47c9f2eae738c68c5996
  RealmSwift: 8a1e6a02b7a08cd17a31e3115143fb69fe5f3fb9
  RxCocoa: 78763c7b07d02455598d9fc3c1ad091a28b73635
  RxDataSources: a843bad90c29817f5923ec8163f4af2de084ceb3
  RxSwift: fe0fd770a43acdb7d0a53da411c9b892e69bb6e4
  TextFieldEffects: 7d372f58aeaf9acd9626bbf962680aef926b085d

PODFILE CHECKSUM: 2a74a525684559fb83a8a8bf15984acc635ebb58

COCOAPODS: 1.6.1
